<?xml version="1.0" encoding="utf-8"?>
<Project ToolsVersion="4.0" xmlns="http://schemas.microsoft.com/developer/msbuild/2003">
  <ItemGroup>
    <ClCompile Include="02_my_arrary.cpp" />
  </ItemGroup>
  <ItemGroup>
    <ClInclude Include="02_my_arrary.h" />
    <ClInclude Include="02_my_arrary.inl" />
  </ItemGroup>
</Project>