
Microsoft Visual Studio Solution File, Format Version 12.00
# Visual Studio Version 16
VisualStudioVersion = 16.0.32630.194
MinimumVisualStudioVersion = 10.0.40219.1
Project("{8BC9CEB8-8B4A-11D0-8D11-00A0C91BC942}") = "Basic", "Basic\Basic.vcxproj", "{FF5D071D-1B1A-4F21-BCC0-7F8BFAEDC23D}"
EndProject
Project("{8BC9CEB8-8B4A-11D0-8D11-00A0C91BC942}") = "MICS", "MICS\MICS.vcxproj", "{03822CB7-3938-4EC1-86D6-8D5D937FA7C1}"
EndProject
Project("{8BC9CEB8-8B4A-11D0-8D11-00A0C91BC942}") = "OOP", "OOP\OOP.vcxproj", "{473CDDB5-D519-4605-8D34-5AC6ADBCAD0C}"
EndProject
Project("{8BC9CEB8-8B4A-11D0-8D11-00A0C91BC942}") = "Oprator_Overloading", "Oprator_Overloading\Oprator_Overloading.vcxproj", "{EF412E10-C9D7-4C0A-8001-D3653E798E82}"
EndProject
Project("{8BC9CEB8-8B4A-11D0-8D11-00A0C91BC942}") = "Object_Relationship", "Object_Relationship\Object_Relationship.vcxproj", "{0138EB89-FD28-4A44-9619-3B2E30F3E0A0}"
EndProject
Project("{8BC9CEB8-8B4A-11D0-8D11-00A0C91BC942}") = "Inheritance", "Inheritance\Inheritance.vcxproj", "{A84910F0-C490-45A3-AC6D-FF28838699E6}"
EndProject
Global
	GlobalSection(SolutionConfigurationPlatforms) = preSolution
		Debug|x64 = Debug|x64
		Debug|x86 = Debug|x86
		Release|x64 = Release|x64
		Release|x86 = Release|x86
	EndGlobalSection
	GlobalSection(ProjectConfigurationPlatforms) = postSolution
		{FF5D071D-1B1A-4F21-BCC0-7F8BFAEDC23D}.Debug|x64.ActiveCfg = Debug|x64
		{FF5D071D-1B1A-4F21-BCC0-7F8BFAEDC23D}.Debug|x64.Build.0 = Debug|x64
		{FF5D071D-1B1A-4F21-BCC0-7F8BFAEDC23D}.Debug|x86.ActiveCfg = Debug|Win32
		{FF5D071D-1B1A-4F21-BCC0-7F8BFAEDC23D}.Debug|x86.Build.0 = Debug|Win32
		{FF5D071D-1B1A-4F21-BCC0-7F8BFAEDC23D}.Release|x64.ActiveCfg = Release|x64
		{FF5D071D-1B1A-4F21-BCC0-7F8BFAEDC23D}.Release|x64.Build.0 = Release|x64
		{FF5D071D-1B1A-4F21-BCC0-7F8BFAEDC23D}.Release|x86.ActiveCfg = Release|Win32
		{FF5D071D-1B1A-4F21-BCC0-7F8BFAEDC23D}.Release|x86.Build.0 = Release|Win32
		{03822CB7-3938-4EC1-86D6-8D5D937FA7C1}.Debug|x64.ActiveCfg = Debug|x64
		{03822CB7-3938-4EC1-86D6-8D5D937FA7C1}.Debug|x64.Build.0 = Debug|x64
		{03822CB7-3938-4EC1-86D6-8D5D937FA7C1}.Debug|x86.ActiveCfg = Debug|Win32
		{03822CB7-3938-4EC1-86D6-8D5D937FA7C1}.Debug|x86.Build.0 = Debug|Win32
		{03822CB7-3938-4EC1-86D6-8D5D937FA7C1}.Release|x64.ActiveCfg = Release|x64
		{03822CB7-3938-4EC1-86D6-8D5D937FA7C1}.Release|x64.Build.0 = Release|x64
		{03822CB7-3938-4EC1-86D6-8D5D937FA7C1}.Release|x86.ActiveCfg = Release|Win32
		{03822CB7-3938-4EC1-86D6-8D5D937FA7C1}.Release|x86.Build.0 = Release|Win32
		{473CDDB5-D519-4605-8D34-5AC6ADBCAD0C}.Debug|x64.ActiveCfg = Debug|x64
		{473CDDB5-D519-4605-8D34-5AC6ADBCAD0C}.Debug|x64.Build.0 = Debug|x64
		{473CDDB5-D519-4605-8D34-5AC6ADBCAD0C}.Debug|x86.ActiveCfg = Debug|Win32
		{473CDDB5-D519-4605-8D34-5AC6ADBCAD0C}.Debug|x86.Build.0 = Debug|Win32
		{473CDDB5-D519-4605-8D34-5AC6ADBCAD0C}.Release|x64.ActiveCfg = Release|x64
		{473CDDB5-D519-4605-8D34-5AC6ADBCAD0C}.Release|x64.Build.0 = Release|x64
		{473CDDB5-D519-4605-8D34-5AC6ADBCAD0C}.Release|x86.ActiveCfg = Release|Win32
		{473CDDB5-D519-4605-8D34-5AC6ADBCAD0C}.Release|x86.Build.0 = Release|Win32
		{EF412E10-C9D7-4C0A-8001-D3653E798E82}.Debug|x64.ActiveCfg = Debug|x64
		{EF412E10-C9D7-4C0A-8001-D3653E798E82}.Debug|x64.Build.0 = Debug|x64
		{EF412E10-C9D7-4C0A-8001-D3653E798E82}.Debug|x86.ActiveCfg = Debug|Win32
		{EF412E10-C9D7-4C0A-8001-D3653E798E82}.Debug|x86.Build.0 = Debug|Win32
		{EF412E10-C9D7-4C0A-8001-D3653E798E82}.Release|x64.ActiveCfg = Release|x64
		{EF412E10-C9D7-4C0A-8001-D3653E798E82}.Release|x64.Build.0 = Release|x64
		{EF412E10-C9D7-4C0A-8001-D3653E798E82}.Release|x86.ActiveCfg = Release|Win32
		{EF412E10-C9D7-4C0A-8001-D3653E798E82}.Release|x86.Build.0 = Release|Win32
		{0138EB89-FD28-4A44-9619-3B2E30F3E0A0}.Debug|x64.ActiveCfg = Debug|x64
		{0138EB89-FD28-4A44-9619-3B2E30F3E0A0}.Debug|x64.Build.0 = Debug|x64
		{0138EB89-FD28-4A44-9619-3B2E30F3E0A0}.Debug|x86.ActiveCfg = Debug|Win32
		{0138EB89-FD28-4A44-9619-3B2E30F3E0A0}.Debug|x86.Build.0 = Debug|Win32
		{0138EB89-FD28-4A44-9619-3B2E30F3E0A0}.Release|x64.ActiveCfg = Release|x64
		{0138EB89-FD28-4A44-9619-3B2E30F3E0A0}.Release|x64.Build.0 = Release|x64
		{0138EB89-FD28-4A44-9619-3B2E30F3E0A0}.Release|x86.ActiveCfg = Release|Win32
		{0138EB89-FD28-4A44-9619-3B2E30F3E0A0}.Release|x86.Build.0 = Release|Win32
		{A84910F0-C490-45A3-AC6D-FF28838699E6}.Debug|x64.ActiveCfg = Debug|x64
		{A84910F0-C490-45A3-AC6D-FF28838699E6}.Debug|x64.Build.0 = Debug|x64
		{A84910F0-C490-45A3-AC6D-FF28838699E6}.Debug|x86.ActiveCfg = Debug|Win32
		{A84910F0-C490-45A3-AC6D-FF28838699E6}.Debug|x86.Build.0 = Debug|Win32
		{A84910F0-C490-45A3-AC6D-FF28838699E6}.Release|x64.ActiveCfg = Release|x64
		{A84910F0-C490-45A3-AC6D-FF28838699E6}.Release|x64.Build.0 = Release|x64
		{A84910F0-C490-45A3-AC6D-FF28838699E6}.Release|x86.ActiveCfg = Release|Win32
		{A84910F0-C490-45A3-AC6D-FF28838699E6}.Release|x86.Build.0 = Release|Win32
	EndGlobalSection
	GlobalSection(SolutionProperties) = preSolution
		HideSolutionNode = FALSE
	EndGlobalSection
	GlobalSection(ExtensibilityGlobals) = postSolution
		SolutionGuid = {99886578-07F5-466C-92F4-360643640CFE}
	EndGlobalSection
EndGlobal
